// !$*UTF8*$!
{
	archiveVersion = 1;
	classes = {
	};
	objectVersion = 55;
	objects = {

/* Begin PBXBuildFile section */
		043052AB27DEF44F000218A7 /* AddViewController.swift in Sources */ = {isa = PBXBuildFile; fileRef = 043052AA27DEF44F000218A7 /* AddViewController.swift */; };
		043052AD27DF1013000218A7 /* Lips.swift in Sources */ = {isa = PBXBuildFile; fileRef = 043052AC27DF1013000218A7 /* Lips.swift */; };
		046B9B5627DD5F70002AE203 /* AppDelegate.swift in Sources */ = {isa = PBXBuildFile; fileRef = 046B9B5527DD5F70002AE203 /* AppDelegate.swift */; };
		046B9B5827DD5F70002AE203 /* SceneDelegate.swift in Sources */ = {isa = PBXBuildFile; fileRef = 046B9B5727DD5F70002AE203 /* SceneDelegate.swift */; };
		046B9B5A27DD5F70002AE203 /* ViewController.swift in Sources */ = {isa = PBXBuildFile; fileRef = 046B9B5927DD5F70002AE203 /* ViewController.swift */; };
		046B9B5D27DD5F70002AE203 /* Main.storyboard in Resources */ = {isa = PBXBuildFile; fileRef = 046B9B5B27DD5F70002AE203 /* Main.storyboard */; };
		046B9B5F27DD5F72002AE203 /* Assets.xcassets in Resources */ = {isa = PBXBuildFile; fileRef = 046B9B5E27DD5F72002AE203 /* Assets.xcassets */; };
		046B9B6227DD5F72002AE203 /* LaunchScreen.storyboard in Resources */ = {isa = PBXBuildFile; fileRef = 046B9B6027DD5F72002AE203 /* LaunchScreen.storyboard */; };
		046B9B6E27DD828D002AE203 /* AdivorTableViewController.swift in Sources */ = {isa = PBXBuildFile; fileRef = 046B9B6D27DD828D002AE203 /* AdivorTableViewController.swift */; };
		046B9B7D27DD96A5002AE203 /* AdvisorDetailViewController.swift in Sources */ = {isa = PBXBuildFile; fileRef = 046B9B7C27DD96A5002AE203 /* AdvisorDetailViewController.swift */; };
		046B9B8127DDBF1C002AE203 /* Advisor.swift in Sources */ = {isa = PBXBuildFile; fileRef = 046B9B8027DDBF1C002AE203 /* Advisor.swift */; };
		04F5D7B827DFC75F003D6A36 /* AMI-100.jpg in Resources */ = {isa = PBXBuildFile; fileRef = 04F5D7AA27DFC75E003D6A36 /* AMI-100.jpg */; };
		04F5D7B927DFC75F003D6A36 /* YLS-150.jpg in Resources */ = {isa = PBXBuildFile; fileRef = 04F5D7AB27DFC75E003D6A36 /* YLS-150.jpg */; };
		04F5D7BA27DFC75F003D6A36 /* AMI-103.jpg in Resources */ = {isa = PBXBuildFile; fileRef = 04F5D7AC27DFC75E003D6A36 /* AMI-103.jpg */; };
		04F5D7BB27DFC75F003D6A36 /* YLS-70.jpg in Resources */ = {isa = PBXBuildFile; fileRef = 04F5D7AD27DFC75E003D6A36 /* YLS-70.jpg */; };
		04F5D7BC27DFC75F003D6A36 /* MAC-101.jpg in Resources */ = {isa = PBXBuildFile; fileRef = 04F5D7AE27DFC75E003D6A36 /* MAC-101.jpg */; };
		04F5D7BD27DFC75F003D6A36 /* AMI-415.jpg in Resources */ = {isa = PBXBuildFile; fileRef = 04F5D7AF27DFC75E003D6A36 /* AMI-415.jpg */; };
		04F5D7BE27DFC75F003D6A36 /* TF.jpeg in Resources */ = {isa = PBXBuildFile; fileRef = 04F5D7B027DFC75E003D6A36 /* TF.jpeg */; };
		04F5D7BF27DFC75F003D6A36 /* TF-60.jpg in Resources */ = {isa = PBXBuildFile; fileRef = 04F5D7B127DFC75E003D6A36 /* TF-60.jpg */; };
		04F5D7C027DFC75F003D6A36 /* YSL.jpeg in Resources */ = {isa = PBXBuildFile; fileRef = 04F5D7B227DFC75E003D6A36 /* YSL.jpeg */; };
		04F5D7C127DFC75F003D6A36 /* MAC-444.jpg in Resources */ = {isa = PBXBuildFile; fileRef = 04F5D7B327DFC75E003D6A36 /* MAC-444.jpg */; };
		04F5D7C227DFC75F003D6A36 /* TF-999.jpg in Resources */ = {isa = PBXBuildFile; fileRef = 04F5D7B427DFC75E003D6A36 /* TF-999.jpg */; };
		04F5D7C327DFC75F003D6A36 /* TF-02.jpg in Resources */ = {isa = PBXBuildFile; fileRef = 04F5D7B527DFC75E003D6A36 /* TF-02.jpg */; };
		04F5D7C427DFC75F003D6A36 /* ARM.jpeg in Resources */ = {isa = PBXBuildFile; fileRef = 04F5D7B627DFC75E003D6A36 /* ARM.jpeg */; };
		04F5D7C527DFC75F003D6A36 /* MAC.jpeg in Resources */ = {isa = PBXBuildFile; fileRef = 04F5D7B727DFC75E003D6A36 /* MAC.jpeg */; };
/* End PBXBuildFile section */

/* Begin PBXFileReference section */
		043052AA27DEF44F000218A7 /* AddViewController.swift */ = {isa = PBXFileReference; lastKnownFileType = sourcecode.swift; path = AddViewController.swift; sourceTree = "<group>"; };
		043052AC27DF1013000218A7 /* Lips.swift */ = {isa = PBXFileReference; lastKnownFileType = sourcecode.swift; path = Lips.swift; sourceTree = "<group>"; };
		046B9B5227DD5F70002AE203 /* Final Project.app */ = {isa = PBXFileReference; explicitFileType = wrapper.application; includeInIndex = 0; path = "Final Project.app"; sourceTree = BUILT_PRODUCTS_DIR; };
		046B9B5527DD5F70002AE203 /* AppDelegate.swift */ = {isa = PBXFileReference; lastKnownFileType = sourcecode.swift; path = AppDelegate.swift; sourceTree = "<group>"; };
		046B9B5727DD5F70002AE203 /* SceneDelegate.swift */ = {isa = PBXFileReference; lastKnownFileType = sourcecode.swift; path = SceneDelegate.swift; sourceTree = "<group>"; };
		046B9B5927DD5F70002AE203 /* ViewController.swift */ = {isa = PBXFileReference; lastKnownFileType = sourcecode.swift; path = ViewController.swift; sourceTree = "<group>"; };
		046B9B5C27DD5F70002AE203 /* Base */ = {isa = PBXFileReference; lastKnownFileType = file.storyboard; name = Base; path = Base.lproj/Main.storyboard; sourceTree = "<group>"; };
		046B9B5E27DD5F72002AE203 /* Assets.xcassets */ = {isa = PBXFileReference; lastKnownFileType = folder.assetcatalog; path = Assets.xcassets; sourceTree = "<group>"; };
		046B9B6127DD5F72002AE203 /* Base */ = {isa = PBXFileReference; lastKnownFileType = file.storyboard; name = Base; path = Base.lproj/LaunchScreen.storyboard; sourceTree = "<group>"; };
		046B9B6327DD5F72002AE203 /* Info.plist */ = {isa = PBXFileReference; lastKnownFileType = text.plist.xml; path = Info.plist; sourceTree = "<group>"; };
		046B9B6D27DD828D002AE203 /* AdivorTableViewController.swift */ = {isa = PBXFileReference; lastKnownFileType = sourcecode.swift; path = AdivorTableViewController.swift; sourceTree = "<group>"; };
		046B9B7C27DD96A5002AE203 /* AdvisorDetailViewController.swift */ = {isa = PBXFileReference; lastKnownFileType = sourcecode.swift; path = AdvisorDetailViewController.swift; sourceTree = "<group>"; };
		046B9B8027DDBF1C002AE203 /* Advisor.swift */ = {isa = PBXFileReference; lastKnownFileType = sourcecode.swift; path = Advisor.swift; sourceTree = "<group>"; };
		04F5D7AA27DFC75E003D6A36 /* AMI-100.jpg */ = {isa = PBXFileReference; lastKnownFileType = image.jpeg; path = "AMI-100.jpg"; sourceTree = "<group>"; };
		04F5D7AB27DFC75E003D6A36 /* YLS-150.jpg */ = {isa = PBXFileReference; lastKnownFileType = image.jpeg; path = "YLS-150.jpg"; sourceTree = "<group>"; };
		04F5D7AC27DFC75E003D6A36 /* AMI-103.jpg */ = {isa = PBXFileReference; lastKnownFileType = image.jpeg; path = "AMI-103.jpg"; sourceTree = "<group>"; };
		04F5D7AD27DFC75E003D6A36 /* YLS-70.jpg */ = {isa = PBXFileReference; lastKnownFileType = image.jpeg; path = "YLS-70.jpg"; sourceTree = "<group>"; };
		04F5D7AE27DFC75E003D6A36 /* MAC-101.jpg */ = {isa = PBXFileReference; lastKnownFileType = image.jpeg; path = "MAC-101.jpg"; sourceTree = "<group>"; };
		04F5D7AF27DFC75E003D6A36 /* AMI-415.jpg */ = {isa = PBXFileReference; lastKnownFileType = image.jpeg; path = "AMI-415.jpg"; sourceTree = "<group>"; };
		04F5D7B027DFC75E003D6A36 /* TF.jpeg */ = {isa = PBXFileReference; lastKnownFileType = image.jpeg; path = TF.jpeg; sourceTree = "<group>"; };
		04F5D7B127DFC75E003D6A36 /* TF-60.jpg */ = {isa = PBXFileReference; lastKnownFileType = image.jpeg; path = "TF-60.jpg"; sourceTree = "<group>"; };
		04F5D7B227DFC75E003D6A36 /* YSL.jpeg */ = {isa = PBXFileReference; lastKnownFileType = image.jpeg; path = YSL.jpeg; sourceTree = "<group>"; };
		04F5D7B327DFC75E003D6A36 /* MAC-444.jpg */ = {isa = PBXFileReference; lastKnownFileType = image.jpeg; path = "MAC-444.jpg"; sourceTree = "<group>"; };
		04F5D7B427DFC75E003D6A36 /* TF-999.jpg */ = {isa = PBXFileReference; lastKnownFileType = image.jpeg; path = "TF-999.jpg"; sourceTree = "<group>"; };
		04F5D7B527DFC75E003D6A36 /* TF-02.jpg */ = {isa = PBXFileReference; lastKnownFileType = image.jpeg; path = "TF-02.jpg"; sourceTree = "<group>"; };
		04F5D7B627DFC75E003D6A36 /* ARM.jpeg */ = {isa = PBXFileReference; lastKnownFileType = image.jpeg; path = ARM.jpeg; sourceTree = "<group>"; };
		04F5D7B727DFC75E003D6A36 /* MAC.jpeg */ = {isa = PBXFileReference; lastKnownFileType = image.jpeg; path = MAC.jpeg; sourceTree = "<group>"; };
/* End PBXFileReference section */

/* Begin PBXFrameworksBuildPhase section */
		046B9B4F27DD5F70002AE203 /* Frameworks */ = {
			isa = PBXFrameworksBuildPhase;
			buildActionMask = 2147483647;
			files = (
			);
			runOnlyForDeploymentPostprocessing = 0;
		};
/* End PBXFrameworksBuildPhase section */

/* Begin PBXGroup section */
		046B9B4927DD5F70002AE203 = {
			isa = PBXGroup;
			children = (
				046B9B5427DD5F70002AE203 /* Final Project */,
				046B9B5327DD5F70002AE203 /* Products */,
			);
			sourceTree = "<group>";
		};
		046B9B5327DD5F70002AE203 /* Products */ = {
			isa = PBXGroup;
			children = (
				046B9B5227DD5F70002AE203 /* Final Project.app */,
			);
			name = Products;
			sourceTree = "<group>";
		};
		046B9B5427DD5F70002AE203 /* Final Project */ = {
			isa = PBXGroup;
			children = (
				04F5D7A927DFC75E003D6A36 /* YLS-PICS */,
				046B9B5527DD5F70002AE203 /* AppDelegate.swift */,
				046B9B5727DD5F70002AE203 /* SceneDelegate.swift */,
				046B9B5927DD5F70002AE203 /* ViewController.swift */,
				046B9B5B27DD5F70002AE203 /* Main.storyboard */,
				043052AC27DF1013000218A7 /* Lips.swift */,
				046B9B7C27DD96A5002AE203 /* AdvisorDetailViewController.swift */,
				046B9B8027DDBF1C002AE203 /* Advisor.swift */,
				046B9B6D27DD828D002AE203 /* AdivorTableViewController.swift */,
				043052AA27DEF44F000218A7 /* AddViewController.swift */,
				046B9B5E27DD5F72002AE203 /* Assets.xcassets */,
				046B9B6027DD5F72002AE203 /* LaunchScreen.storyboard */,
				046B9B6327DD5F72002AE203 /* Info.plist */,
			);
			path = "Final Project";
			sourceTree = "<group>";
		};
		04F5D7A927DFC75E003D6A36 /* YLS-PICS */ = {
			isa = PBXGroup;
			children = (
				04F5D7AA27DFC75E003D6A36 /* AMI-100.jpg */,
				04F5D7AB27DFC75E003D6A36 /* YLS-150.jpg */,
				04F5D7AC27DFC75E003D6A36 /* AMI-103.jpg */,
				04F5D7AD27DFC75E003D6A36 /* YLS-70.jpg */,
				04F5D7AE27DFC75E003D6A36 /* MAC-101.jpg */,
				04F5D7AF27DFC75E003D6A36 /* AMI-415.jpg */,
				04F5D7B027DFC75E003D6A36 /* TF.jpeg */,
				04F5D7B127DFC75E003D6A36 /* TF-60.jpg */,
				04F5D7B227DFC75E003D6A36 /* YSL.jpeg */,
				04F5D7B327DFC75E003D6A36 /* MAC-444.jpg */,
				04F5D7B427DFC75E003D6A36 /* TF-999.jpg */,
				04F5D7B527DFC75E003D6A36 /* TF-02.jpg */,
				04F5D7B627DFC75E003D6A36 /* ARM.jpeg */,
				04F5D7B727DFC75E003D6A36 /* MAC.jpeg */,
			);
			path = "YLS-PICS";
			sourceTree = "<group>";
		};
/* End PBXGroup section */

/* Begin PBXNativeTarget section */
		046B9B5127DD5F70002AE203 /* Final Project */ = {
			isa = PBXNativeTarget;
			buildConfigurationList = 046B9B6627DD5F72002AE203 /* Build configuration list for PBXNativeTarget "Final Project" */;
			buildPhases = (
				046B9B4E27DD5F70002AE203 /* Sources */,
				046B9B4F27DD5F70002AE203 /* Frameworks */,
				046B9B5027DD5F70002AE203 /* Resources */,
			);
			buildRules = (
			);
			dependencies = (
			);
			name = "Final Project";
			productName = "Final Project";
			productReference = 046B9B5227DD5F70002AE203 /* Final Project.app */;
			productType = "com.apple.product-type.application";
		};
/* End PBXNativeTarget section */

/* Begin PBXProject section */
		046B9B4A27DD5F70002AE203 /* Project object */ = {
			isa = PBXProject;
			attributes = {
				BuildIndependentTargetsInParallel = 1;
				LastSwiftUpdateCheck = 1320;
				LastUpgradeCheck = 1320;
				TargetAttributes = {
					046B9B5127DD5F70002AE203 = {
						CreatedOnToolsVersion = 13.2.1;
					};
				};
			};
			buildConfigurationList = 046B9B4D27DD5F70002AE203 /* Build configuration list for PBXProject "Final Project" */;
			compatibilityVersion = "Xcode 13.0";
			developmentRegion = en;
			hasScannedForEncodings = 0;
			knownRegions = (
				en,
				Base,
			);
			mainGroup = 046B9B4927DD5F70002AE203;
			productRefGroup = 046B9B5327DD5F70002AE203 /* Products */;
			projectDirPath = "";
			projectRoot = "";
			targets = (
				046B9B5127DD5F70002AE203 /* Final Project */,
			);
		};
/* End PBXProject section */

/* Begin PBXResourcesBuildPhase section */
		046B9B5027DD5F70002AE203 /* Resources */ = {
			isa = PBXResourcesBuildPhase;
			buildActionMask = 2147483647;
			files = (
				04F5D7C027DFC75F003D6A36 /* YSL.jpeg in Resources */,
				04F5D7C227DFC75F003D6A36 /* TF-999.jpg in Resources */,
				046B9B6227DD5F72002AE203 /* LaunchScreen.storyboard in Resources */,
				04F5D7BD27DFC75F003D6A36 /* AMI-415.jpg in Resources */,
				04F5D7C327DFC75F003D6A36 /* TF-02.jpg in Resources */,
				04F5D7BF27DFC75F003D6A36 /* TF-60.jpg in Resources */,
				04F5D7BB27DFC75F003D6A36 /* YLS-70.jpg in Resources */,
				04F5D7BC27DFC75F003D6A36 /* MAC-101.jpg in Resources */,
				04F5D7C127DFC75F003D6A36 /* MAC-444.jpg in Resources */,
				046B9B5F27DD5F72002AE203 /* Assets.xcassets in Resources */,
				04F5D7C527DFC75F003D6A36 /* MAC.jpeg in Resources */,
				04F5D7B927DFC75F003D6A36 /* YLS-150.jpg in Resources */,
				046B9B5D27DD5F70002AE203 /* Main.storyboard in Resources */,
				04F5D7C427DFC75F003D6A36 /* ARM.jpeg in Resources */,
				04F5D7BE27DFC75F003D6A36 /* TF.jpeg in Resources */,
				04F5D7BA27DFC75F003D6A36 /* AMI-103.jpg in Resources */,
				04F5D7B827DFC75F003D6A36 /* AMI-100.jpg in Resources */,
			);
			runOnlyForDeploymentPostprocessing = 0;
		};
/* End PBXResourcesBuildPhase section */

/* Begin PBXSourcesBuildPhase section */
		046B9B4E27DD5F70002AE203 /* Sources */ = {
			isa = PBXSourcesBuildPhase;
			buildActionMask = 2147483647;
			files = (
				046B9B5A27DD5F70002AE203 /* ViewController.swift in Sources */,
				046B9B5627DD5F70002AE203 /* AppDelegate.swift in Sources */,
				043052AB27DEF44F000218A7 /* AddViewController.swift in Sources */,
				046B9B6E27DD828D002AE203 /* AdivorTableViewController.swift in Sources */,
				046B9B7D27DD96A5002AE203 /* AdvisorDetailViewController.swift in Sources */,
				046B9B5827DD5F70002AE203 /* SceneDelegate.swift in Sources */,
				043052AD27DF1013000218A7 /* Lips.swift in Sources */,
				046B9B8127DDBF1C002AE203 /* Advisor.swift in Sources */,
			);
			runOnlyForDeploymentPostprocessing = 0;
		};
/* End PBXSourcesBuildPhase section */

/* Begin PBXVariantGroup section */
		046B9B5B27DD5F70002AE203 /* Main.storyboard */ = {
			isa = PBXVariantGroup;
			children = (
				046B9B5C27DD5F70002AE203 /* Base */,
			);
			name = Main.storyboard;
			sourceTree = "<group>";
		};
		046B9B6027DD5F72002AE203 /* LaunchScreen.storyboard */ = {
			isa = PBXVariantGroup;
			children = (
				046B9B6127DD5F72002AE203 /* Base */,
			);
			name = LaunchScreen.storyboard;
			sourceTree = "<group>";
		};
/* End PBXVariantGroup section */

/* Begin XCBuildConfiguration section */
		046B9B6427DD5F72002AE203 /* Debug */ = {
			isa = XCBuildConfiguration;
			buildSettings = {
				ALWAYS_SEARCH_USER_PATHS = NO;
				CLANG_ANALYZER_NONNULL = YES;
				CLANG_ANALYZER_NUMBER_OBJECT_CONVERSION = YES_AGGRESSIVE;
				CLANG_CXX_LANGUAGE_STANDARD = "gnu++17";
				CLANG_CXX_LIBRARY = "libc++";
				CLANG_ENABLE_MODULES = YES;
				CLANG_ENABLE_OBJC_ARC = YES;
				CLANG_ENABLE_OBJC_WEAK = YES;
				CLANG_WARN_BLOCK_CAPTURE_AUTORELEASING = YES;
				CLANG_WARN_BOOL_CONVERSION = YES;
				CLANG_WARN_COMMA = YES;
				CLANG_WARN_CONSTANT_CONVERSION = YES;
				CLANG_WARN_DEPRECATED_OBJC_IMPLEMENTATIONS = YES;
				CLANG_WARN_DIRECT_OBJC_ISA_USAGE = YES_ERROR;
				CLANG_WARN_DOCUMENTATION_COMMENTS = YES;
				CLANG_WARN_EMPTY_BODY = YES;
				CLANG_WARN_ENUM_CONVERSION = YES;
				CLANG_WARN_INFINITE_RECURSION = YES;
				CLANG_WARN_INT_CONVERSION = YES;
				CLANG_WARN_NON_LITERAL_NULL_CONVERSION = YES;
				CLANG_WARN_OBJC_IMPLICIT_RETAIN_SELF = YES;
				CLANG_WARN_OBJC_LITERAL_CONVERSION = YES;
				CLANG_WARN_OBJC_ROOT_CLASS = YES_ERROR;
				CLANG_WARN_QUOTED_INCLUDE_IN_FRAMEWORK_HEADER = YES;
				CLANG_WARN_RANGE_LOOP_ANALYSIS = YES;
				CLANG_WARN_STRICT_PROTOTYPES = YES;
				CLANG_WARN_SUSPICIOUS_MOVE = YES;
				CLANG_WARN_UNGUARDED_AVAILABILITY = YES_AGGRESSIVE;
				CLANG_WARN_UNREACHABLE_CODE = YES;
				CLANG_WARN__DUPLICATE_METHOD_MATCH = YES;
				COPY_PHASE_STRIP = NO;
				DEBUG_INFORMATION_FORMAT = dwarf;
				ENABLE_STRICT_OBJC_MSGSEND = YES;
				ENABLE_TESTABILITY = YES;
				GCC_C_LANGUAGE_STANDARD = gnu11;
				GCC_DYNAMIC_NO_PIC = NO;
				GCC_NO_COMMON_BLOCKS = YES;
				GCC_OPTIMIZATION_LEVEL = 0;
				GCC_PREPROCESSOR_DEFINITIONS = (
					"DEBUG=1",
					"$(inherited)",
				);
				GCC_WARN_64_TO_32_BIT_CONVERSION = YES;
				GCC_WARN_ABOUT_RETURN_TYPE = YES_ERROR;
				GCC_WARN_UNDECLARED_SELECTOR = YES;
				GCC_WARN_UNINITIALIZED_AUTOS = YES_AGGRESSIVE;
				GCC_WARN_UNUSED_FUNCTION = YES;
				GCC_WARN_UNUSED_VARIABLE = YES;
				IPHONEOS_DEPLOYMENT_TARGET = 15.2;
				MTL_ENABLE_DEBUG_INFO = INCLUDE_SOURCE;
				MTL_FAST_MATH = YES;
				ONLY_ACTIVE_ARCH = YES;
				SDKROOT = iphoneos;
				SWIFT_ACTIVE_COMPILATION_CONDITIONS = DEBUG;
				SWIFT_OPTIMIZATION_LEVEL = "-Onone";
			};
			name = Debug;
		};
		046B9B6527DD5F72002AE203 /* Release */ = {
			isa = XCBuildConfiguration;
			buildSettings = {
				ALWAYS_SEARCH_USER_PATHS = NO;
				CLANG_ANALYZER_NONNULL = YES;
				CLANG_ANALYZER_NUMBER_OBJECT_CONVERSION = YES_AGGRESSIVE;
				CLANG_CXX_LANGUAGE_STANDARD = "gnu++17";
				CLANG_CXX_LIBRARY = "libc++";
				CLANG_ENABLE_MODULES = YES;
				CLANG_ENABLE_OBJC_ARC = YES;
				CLANG_ENABLE_OBJC_WEAK = YES;
				CLANG_WARN_BLOCK_CAPTURE_AUTORELEASING = YES;
				CLANG_WARN_BOOL_CONVERSION = YES;
				CLANG_WARN_COMMA = YES;
				CLANG_WARN_CONSTANT_CONVERSION = YES;
				CLANG_WARN_DEPRECATED_OBJC_IMPLEMENTATIONS = YES;
				CLANG_WARN_DIRECT_OBJC_ISA_USAGE = YES_ERROR;
				CLANG_WARN_DOCUMENTATION_COMMENTS = YES;
				CLANG_WARN_EMPTY_BODY = YES;
				CLANG_WARN_ENUM_CONVERSION = YES;
				CLANG_WARN_INFINITE_RECURSION = YES;
				CLANG_WARN_INT_CONVERSION = YES;
				CLANG_WARN_NON_LITERAL_NULL_CONVERSION = YES;
				CLANG_WARN_OBJC_IMPLICIT_RETAIN_SELF = YES;
				CLANG_WARN_OBJC_LITERAL_CONVERSION = YES;
				CLANG_WARN_OBJC_ROOT_CLASS = YES_ERROR;
				CLANG_WARN_QUOTED_INCLUDE_IN_FRAMEWORK_HEADER = YES;
				CLANG_WARN_RANGE_LOOP_ANALYSIS = YES;
				CLANG_WARN_STRICT_PROTOTYPES = YES;
				CLANG_WARN_SUSPICIOUS_MOVE = YES;
				CLANG_WARN_UNGUARDED_AVAILABILITY = YES_AGGRESSIVE;
				CLANG_WARN_UNREACHABLE_CODE = YES;
				CLANG_WARN__DUPLICATE_METHOD_MATCH = YES;
				COPY_PHASE_STRIP = NO;
				DEBUG_INFORMATION_FORMAT = "dwarf-with-dsym";
				ENABLE_NS_ASSERTIONS = NO;
				ENABLE_STRICT_OBJC_MSGSEND = YES;
				GCC_C_LANGUAGE_STANDARD = gnu11;
				GCC_NO_COMMON_BLOCKS = YES;
				GCC_WARN_64_TO_32_BIT_CONVERSION = YES;
				GCC_WARN_ABOUT_RETURN_TYPE = YES_ERROR;
				GCC_WARN_UNDECLARED_SELECTOR = YES;
				GCC_WARN_UNINITIALIZED_AUTOS = YES_AGGRESSIVE;
				GCC_WARN_UNUSED_FUNCTION = YES;
				GCC_WARN_UNUSED_VARIABLE = YES;
				IPHONEOS_DEPLOYMENT_TARGET = 15.2;
				MTL_ENABLE_DEBUG_INFO = NO;
				MTL_FAST_MATH = YES;
				SDKROOT = iphoneos;
				SWIFT_COMPILATION_MODE = wholemodule;
				SWIFT_OPTIMIZATION_LEVEL = "-O";
				VALIDATE_PRODUCT = YES;
			};
			name = Release;
		};
		046B9B6727DD5F72002AE203 /* Debug */ = {
			isa = XCBuildConfiguration;
			buildSettings = {
				ASSETCATALOG_COMPILER_APPICON_NAME = AppIcon;
				ASSETCATALOG_COMPILER_GLOBAL_ACCENT_COLOR_NAME = AccentColor;
				CODE_SIGN_STYLE = Automatic;
				CURRENT_PROJECT_VERSION = 1;
				DEVELOPMENT_TEAM = DF58PAJ98V;
				GENERATE_INFOPLIST_FILE = YES;
				INFOPLIST_FILE = "Final Project/Info.plist";
				INFOPLIST_KEY_UIApplicationSupportsIndirectInputEvents = YES;
				INFOPLIST_KEY_UILaunchStoryboardName = LaunchScreen;
				INFOPLIST_KEY_UIMainStoryboardFile = Main;
				INFOPLIST_KEY_UISupportedInterfaceOrientations_iPad = "UIInterfaceOrientationPortrait UIInterfaceOrientationPortraitUpsideDown UIInterfaceOrientationLandscapeLeft UIInterfaceOrientationLandscapeRight";
				INFOPLIST_KEY_UISupportedInterfaceOrientations_iPhone = "UIInterfaceOrientationPortrait UIInterfaceOrientationLandscapeLeft UIInterfaceOrientationLandscapeRight";
				LD_RUNPATH_SEARCH_PATHS = (
					"$(inherited)",
					"@executable_path/Frameworks",
				);
				MARKETING_VERSION = 1.0;
				PRODUCT_BUNDLE_IDENTIFIER = "edu.depaul.csc471..Final-Project";
				PRODUCT_NAME = "$(TARGET_NAME)";
				SWIFT_EMIT_LOC_STRINGS = YES;
				SWIFT_VERSION = 5.0;
				TARGETED_DEVICE_FAMILY = "1,2";
			};
			name = Debug;
		};
		046B9B6827DD5F72002AE203 /* Release */ = {
			isa = XCBuildConfiguration;
			buildSettings = {
				ASSETCATALOG_COMPILER_APPICON_NAME = AppIcon;
				ASSETCATALOG_COMPILER_GLOBAL_ACCENT_COLOR_NAME = AccentColor;
				CODE_SIGN_STYLE = Automatic;
				CURRENT_PROJECT_VERSION = 1;
				DEVELOPMENT_TEAM = DF58PAJ98V;
				GENERATE_INFOPLIST_FILE = YES;
				INFOPLIST_FILE = "Final Project/Info.plist";
				INFOPLIST_KEY_UIApplicationSupportsIndirectInputEvents = YES;
				INFOPLIST_KEY_UILaunchStoryboardName = LaunchScreen;
				INFOPLIST_KEY_UIMainStoryboardFile = Main;
				INFOPLIST_KEY_UISupportedInterfaceOrientations_iPad = "UIInterfaceOrientationPortrait UIInterfaceOrientationPortraitUpsideDown UIInterfaceOrientationLandscapeLeft UIInterfaceOrientationLandscapeRight";
				INFOPLIST_KEY_UISupportedInterfaceOrientations_iPhone = "UIInterfaceOrientationPortrait UIInterfaceOrientationLandscapeLeft UIInterfaceOrientationLandscapeRight";
				LD_RUNPATH_SEARCH_PATHS = (
					"$(inherited)",
					"@executable_path/Frameworks",
				);
				MARKETING_VERSION = 1.0;
				PRODUCT_BUNDLE_IDENTIFIER = "edu.depaul.csc471..Final-Project";
				PRODUCT_NAME = "$(TARGET_NAME)";
				SWIFT_EMIT_LOC_STRINGS = YES;
				SWIFT_VERSION = 5.0;
				TARGETED_DEVICE_FAMILY = "1,2";
			};
			name = Release;
		};
/* End XCBuildConfiguration section */

/* Begin XCConfigurationList section */
		046B9B4D27DD5F70002AE203 /* Build configuration list for PBXProject "Final Project" */ = {
			isa = XCConfigurationList;
			buildConfigurations = (
				046B9B6427DD5F72002AE203 /* Debug */,
				046B9B6527DD5F72002AE203 /* Release */,
			);
			defaultConfigurationIsVisible = 0;
			defaultConfigurationName = Release;
		};
		046B9B6627DD5F72002AE203 /* Build configuration list for PBXNativeTarget "Final Project" */ = {
			isa = XCConfigurationList;
			buildConfigurations = (
				046B9B6727DD5F72002AE203 /* Debug */,
				046B9B6827DD5F72002AE203 /* Release */,
			);
			defaultConfigurationIsVisible = 0;
			defaultConfigurationName = Release;
		};
/* End XCConfigurationList section */
	};
	rootObject = 046B9B4A27DD5F70002AE203 /* Project object */;
}
